# This file was autogenerated by uv via the following command:
#    uv pip compile coffee-terminal/requirements.txt --universal -o requirements.lock
bottle==0.13.4
    # via pywebview
cffi==2.1.1 ; platform_python_implementation != 'PyPy' or sys_platform == 'win32'
    # via
    #   clr-loader
    #   cryptography
clr-loader==0.3.1 ; sys_platform == 'win32'
    # via pythonnet
colorama==0.4.6 ; sys_platform == 'win32'
    # via qrcode
cryptography==45.0.6
    # via -r coffee-terminal/requirements.txt
packaging==26.3 ; sys_platform == 'openbsd6'
    # via qtpy
paho-mqtt==2.1.0
    # via -r coffee-terminal/requirements.txt
pillow==12.3.0
    # via qrcode
proxy-tools==0.1.0
    # via pywebview
pycparser==3.0 ; (implementation_name != 'PyPy' and platform_python_implementation != 'PyPy') or (implementation_name != 'PyPy' and sys_platform == 'win32')
    # via cffi
pyobjc-core==12.2.2 ; sys_platform == 'darwin'
    # via
    #   pyobjc-framework-cocoa
    #   pyobjc-framework-quartz
    #   pyobjc-framework-security
    #   pyobjc-framework-uniformtypeidentifiers
    #   pyobjc-framework-webkit
    #   pywebview
pyobjc-framework-cocoa==12.2.2 ; sys_platform == 'darwin'
    # via
    #   pyobjc-framework-quartz
    #   pyobjc-framework-security
    #   pyobjc-framework-uniformtypeidentifiers
    #   pyobjc-framework-webkit
    #   pywebview
pyobjc-framework-quartz==12.2.2 ; sys_platform == 'darwin'
    # via pywebview
pyobjc-framework-security==12.2.2 ; sys_platform == 'darwin'
    # via pywebview
pyobjc-framework-uniformtypeidentifiers==12.2.2 ; sys_platform == 'darwin'
    # via pywebview
pyobjc-framework-webkit==12.2.2 ; sys_platform == 'darwin'
    # via pywebview
pysocks==1.7.1
    # via -r coffee-terminal/requirements.txt
pythonnet==3.1.0 ; sys_platform == 'win32'
    # via pywebview
pywebview==6.2.1
    # via -r coffee-terminal/requirements.txt
qrcode==8.2
    # via -r coffee-terminal/requirements.txt
qtpy==2.4.3 ; sys_platform == 'openbsd6'
    # via pywebview
typing-extensions==4.16.0
    # via pywebview
